// !$*UTF8*$!
{
	archiveVersion = 1;
	classes = {
	};
	objectVersion = 46;
	objects = {

/* Begin PBXBuildFile section */
		0B7143E51D40754C00170EC7 /* JoaquinsUtilities.cpp in Sources */ = {isa = PBXBuildFile; fileRef = 0B7143E31D40754C00170EC7 /* JoaquinsUtilities.cpp */; };
		0B7143E71D40756B00170EC7 /* Assignment3Main.cpp in Sources */ = {isa = PBXBuildFile; fileRef = 0B7143E61D40756B00170EC7 /* Assignment3Main.cpp */; };
		0B7143E91D407EAF00170EC7 /* Makefile in Sources */ = {isa = PBXBuildFile; fileRef = 0B7143E81D407EAF00170EC7 /* Makefile */; };
		0B7143EF1D41874E00170EC7 /* Dice.cpp in Sources */ = {isa = PBXBuildFile; fileRef = 0B7143ED1D41874E00170EC7 /* Dice.cpp */; };
		0B7143F11D41B50D00170EC7 /* Character.cpp in Sources */ = {isa = PBXBuildFile; fileRef = 0B7143F01D41B50D00170EC7 /* Character.cpp */; };
		0B7143F41D41C87B00170EC7 /* ReptilePeople.cpp in Sources */ = {isa = PBXBuildFile; fileRef = 0B7143F31D41C87B00170EC7 /* ReptilePeople.cpp */; };
		0B7143F71D446FA800170EC7 /* Medusa.cpp in Sources */ = {isa = PBXBuildFile; fileRef = 0B7143F61D446FA800170EC7 /* Medusa.cpp */; };
		0B7143FA1D44AFE500170EC7 /* Gollum.cpp in Sources */ = {isa = PBXBuildFile; fileRef = 0B7143F91D44AFE500170EC7 /* Gollum.cpp */; };
		0B7143FD1D44B99200170EC7 /* BlueMen.cpp in Sources */ = {isa = PBXBuildFile; fileRef = 0B7143FC1D44B99200170EC7 /* BlueMen.cpp */; };
		0B7144001D44C18900170EC7 /* HarryPotter.cpp in Sources */ = {isa = PBXBuildFile; fileRef = 0B7143FF1D44C18900170EC7 /* HarryPotter.cpp */; };
/* End PBXBuildFile section */

/* Begin PBXCopyFilesBuildPhase section */
		0B7143D71D4074D900170EC7 /* CopyFiles */ = {
			isa = PBXCopyFilesBuildPhase;
			buildActionMask = 2147483647;
			dstPath = /usr/share/man/man1/;
			dstSubfolderSpec = 0;
			files = (
			);
			runOnlyForDeploymentPostprocessing = 1;
		};
/* End PBXCopyFilesBuildPhase section */

/* Begin PBXFileReference section */
		0B7143D91D4074D900170EC7 /* Assignment3 */ = {isa = PBXFileReference; explicitFileType = "compiled.mach-o.executable"; includeInIndex = 0; path = Assignment3; sourceTree = BUILT_PRODUCTS_DIR; };
		0B7143E31D40754C00170EC7 /* JoaquinsUtilities.cpp */ = {isa = PBXFileReference; fileEncoding = 4; lastKnownFileType = sourcecode.cpp.cpp; path = JoaquinsUtilities.cpp; sourceTree = "<group>"; };
		0B7143E41D40754C00170EC7 /* JoaquinsUtilities.hpp */ = {isa = PBXFileReference; fileEncoding = 4; lastKnownFileType = sourcecode.cpp.h; path = JoaquinsUtilities.hpp; sourceTree = "<group>"; };
		0B7143E61D40756B00170EC7 /* Assignment3Main.cpp */ = {isa = PBXFileReference; fileEncoding = 4; lastKnownFileType = sourcecode.cpp.cpp; path = Assignment3Main.cpp; sourceTree = "<group>"; };
		0B7143E81D407EAF00170EC7 /* Makefile */ = {isa = PBXFileReference; fileEncoding = 4; lastKnownFileType = sourcecode.make; path = Makefile; sourceTree = "<group>"; };
		0B7143EC1D4162FD00170EC7 /* Character.hpp */ = {isa = PBXFileReference; lastKnownFileType = sourcecode.cpp.h; path = Character.hpp; sourceTree = "<group>"; };
		0B7143ED1D41874E00170EC7 /* Dice.cpp */ = {isa = PBXFileReference; fileEncoding = 4; lastKnownFileType = sourcecode.cpp.cpp; path = Dice.cpp; sourceTree = "<group>"; };
		0B7143EE1D41874E00170EC7 /* Dice.hpp */ = {isa = PBXFileReference; fileEncoding = 4; lastKnownFileType = sourcecode.cpp.h; path = Dice.hpp; sourceTree = "<group>"; };
		0B7143F01D41B50D00170EC7 /* Character.cpp */ = {isa = PBXFileReference; fileEncoding = 4; lastKnownFileType = sourcecode.cpp.cpp; path = Character.cpp; sourceTree = "<group>"; };
		0B7143F21D41C1A800170EC7 /* ReptilePeople.hpp */ = {isa = PBXFileReference; lastKnownFileType = sourcecode.cpp.h; path = ReptilePeople.hpp; sourceTree = "<group>"; };
		0B7143F31D41C87B00170EC7 /* ReptilePeople.cpp */ = {isa = PBXFileReference; fileEncoding = 4; lastKnownFileType = sourcecode.cpp.cpp; path = ReptilePeople.cpp; sourceTree = "<group>"; };
		0B7143F51D43754C00170EC7 /* Medusa.hpp */ = {isa = PBXFileReference; lastKnownFileType = sourcecode.cpp.h; path = Medusa.hpp; sourceTree = "<group>"; };
		0B7143F61D446FA800170EC7 /* Medusa.cpp */ = {isa = PBXFileReference; fileEncoding = 4; lastKnownFileType = sourcecode.cpp.cpp; path = Medusa.cpp; sourceTree = "<group>"; };
		0B7143F81D44AF1400170EC7 /* Gollum.hpp */ = {isa = PBXFileReference; lastKnownFileType = sourcecode.cpp.h; path = Gollum.hpp; sourceTree = "<group>"; };
		0B7143F91D44AFE500170EC7 /* Gollum.cpp */ = {isa = PBXFileReference; fileEncoding = 4; lastKnownFileType = sourcecode.cpp.cpp; path = Gollum.cpp; sourceTree = "<group>"; };
		0B7143FB1D44B8C100170EC7 /* BlueMen.hpp */ = {isa = PBXFileReference; lastKnownFileType = sourcecode.cpp.h; path = BlueMen.hpp; sourceTree = "<group>"; };
		0B7143FC1D44B99200170EC7 /* BlueMen.cpp */ = {isa = PBXFileReference; fileEncoding = 4; lastKnownFileType = sourcecode.cpp.cpp; path = BlueMen.cpp; sourceTree = "<group>"; };
		0B7143FE1D44C07600170EC7 /* HarryPotter.hpp */ = {isa = PBXFileReference; lastKnownFileType = sourcecode.cpp.h; path = HarryPotter.hpp; sourceTree = "<group>"; };
		0B7143FF1D44C18900170EC7 /* HarryPotter.cpp */ = {isa = PBXFileReference; fileEncoding = 4; lastKnownFileType = sourcecode.cpp.cpp; path = HarryPotter.cpp; sourceTree = "<group>"; };
/* End PBXFileReference section */

/* Begin PBXFrameworksBuildPhase section */
		0B7143D61D4074D900170EC7 /* Frameworks */ = {
			isa = PBXFrameworksBuildPhase;
			buildActionMask = 2147483647;
			files = (
			);
			runOnlyForDeploymentPostprocessing = 0;
		};
/* End PBXFrameworksBuildPhase section */

/* Begin PBXGroup section */
		0B7143D01D4074D900170EC7 = {
			isa = PBXGroup;
			children = (
				0B7143DB1D4074D900170EC7 /* Assignment3 */,
				0B7143DA1D4074D900170EC7 /* Products */,
			);
			sourceTree = "<group>";
		};
		0B7143DA1D4074D900170EC7 /* Products */ = {
			isa = PBXGroup;
			children = (
				0B7143D91D4074D900170EC7 /* Assignment3 */,
			);
			name = Products;
			sourceTree = "<group>";
		};
		0B7143DB1D4074D900170EC7 /* Assignment3 */ = {
			isa = PBXGroup;
			children = (
				0B7143EC1D4162FD00170EC7 /* Character.hpp */,
				0B7143F01D41B50D00170EC7 /* Character.cpp */,
				0B7143F21D41C1A800170EC7 /* ReptilePeople.hpp */,
				0B7143F31D41C87B00170EC7 /* ReptilePeople.cpp */,
				0B7143F51D43754C00170EC7 /* Medusa.hpp */,
				0B7143F61D446FA800170EC7 /* Medusa.cpp */,
				0B7143F81D44AF1400170EC7 /* Gollum.hpp */,
				0B7143F91D44AFE500170EC7 /* Gollum.cpp */,
				0B7143FB1D44B8C100170EC7 /* BlueMen.hpp */,
				0B7143FC1D44B99200170EC7 /* BlueMen.cpp */,
				0B7143FE1D44C07600170EC7 /* HarryPotter.hpp */,
				0B7143FF1D44C18900170EC7 /* HarryPotter.cpp */,
				0B7143E61D40756B00170EC7 /* Assignment3Main.cpp */,
				0B7143E41D40754C00170EC7 /* JoaquinsUtilities.hpp */,
				0B7143E31D40754C00170EC7 /* JoaquinsUtilities.cpp */,
				0B7143EE1D41874E00170EC7 /* Dice.hpp */,
				0B7143ED1D41874E00170EC7 /* Dice.cpp */,
				0B7143E81D407EAF00170EC7 /* Makefile */,
			);
			path = Assignment3;
			sourceTree = "<group>";
		};
/* End PBXGroup section */

/* Begin PBXNativeTarget section */
		0B7143D81D4074D900170EC7 /* Assignment3 */ = {
			isa = PBXNativeTarget;
			buildConfigurationList = 0B7143E01D4074D900170EC7 /* Build configuration list for PBXNativeTarget "Assignment3" */;
			buildPhases = (
				0B7143D51D4074D900170EC7 /* Sources */,
				0B7143D61D4074D900170EC7 /* Frameworks */,
				0B7143D71D4074D900170EC7 /* CopyFiles */,
			);
			buildRules = (
			);
			dependencies = (
			);
			name = Assignment3;
			productName = Assignment3;
			productReference = 0B7143D91D4074D900170EC7 /* Assignment3 */;
			productType = "com.apple.product-type.tool";
		};
/* End PBXNativeTarget section */

/* Begin PBXProject section */
		0B7143D11D4074D900170EC7 /* Project object */ = {
			isa = PBXProject;
			attributes = {
				LastUpgradeCheck = 0730;
				ORGANIZATIONNAME = JQ;
				TargetAttributes = {
					0B7143D81D4074D900170EC7 = {
						CreatedOnToolsVersion = 7.3.1;
					};
				};
			};
			buildConfigurationList = 0B7143D41D4074D900170EC7 /* Build configuration list for PBXProject "Assignment3" */;
			compatibilityVersion = "Xcode 3.2";
			developmentRegion = English;
			hasScannedForEncodings = 0;
			knownRegions = (
				en,
			);
			mainGroup = 0B7143D01D4074D900170EC7;
			productRefGroup = 0B7143DA1D4074D900170EC7 /* Products */;
			projectDirPath = "";
			projectRoot = "";
			targets = (
				0B7143D81D4074D900170EC7 /* Assignment3 */,
			);
		};
/* End PBXProject section */

/* Begin PBXSourcesBuildPhase section */
		0B7143D51D4074D900170EC7 /* Sources */ = {
			isa = PBXSourcesBuildPhase;
			buildActionMask = 2147483647;
			files = (
				0B7143F71D446FA800170EC7 /* Medusa.cpp in Sources */,
				0B7143F41D41C87B00170EC7 /* ReptilePeople.cpp in Sources */,
				0B7143E91D407EAF00170EC7 /* Makefile in Sources */,
				0B7143FA1D44AFE500170EC7 /* Gollum.cpp in Sources */,
				0B7143E51D40754C00170EC7 /* JoaquinsUtilities.cpp in Sources */,
				0B7143FD1D44B99200170EC7 /* BlueMen.cpp in Sources */,
				0B7144001D44C18900170EC7 /* HarryPotter.cpp in Sources */,
				0B7143EF1D41874E00170EC7 /* Dice.cpp in Sources */,
				0B7143F11D41B50D00170EC7 /* Character.cpp in Sources */,
				0B7143E71D40756B00170EC7 /* Assignment3Main.cpp in Sources */,
			);
			runOnlyForDeploymentPostprocessing = 0;
		};
/* End PBXSourcesBuildPhase section */

/* Begin XCBuildConfiguration section */
		0B7143DE1D4074D900170EC7 /* Debug */ = {
			isa = XCBuildConfiguration;
			buildSettings = {
				ALWAYS_SEARCH_USER_PATHS = NO;
				CLANG_ANALYZER_NONNULL = YES;
				CLANG_CXX_LANGUAGE_STANDARD = "gnu++0x";
				CLANG_CXX_LIBRARY = "libc++";
				CLANG_ENABLE_MODULES = YES;
				CLANG_ENABLE_OBJC_ARC = YES;
				CLANG_WARN_BOOL_CONVERSION = YES;
				CLANG_WARN_CONSTANT_CONVERSION = YES;
				CLANG_WARN_DIRECT_OBJC_ISA_USAGE = YES_ERROR;
				CLANG_WARN_EMPTY_BODY = YES;
				CLANG_WARN_ENUM_CONVERSION = YES;
				CLANG_WARN_INT_CONVERSION = YES;
				CLANG_WARN_OBJC_ROOT_CLASS = YES_ERROR;
				CLANG_WARN_UNREACHABLE_CODE = YES;
				CLANG_WARN__DUPLICATE_METHOD_MATCH = YES;
				CODE_SIGN_IDENTITY = "-";
				COPY_PHASE_STRIP = NO;
				DEBUG_INFORMATION_FORMAT = dwarf;
				ENABLE_STRICT_OBJC_MSGSEND = YES;
				ENABLE_TESTABILITY = YES;
				GCC_C_LANGUAGE_STANDARD = gnu99;
				GCC_DYNAMIC_NO_PIC = NO;
				GCC_NO_COMMON_BLOCKS = YES;
				GCC_OPTIMIZATION_LEVEL = 0;
				GCC_PREPROCESSOR_DEFINITIONS = (
					"DEBUG=1",
					"$(inherited)",
				);
				GCC_WARN_64_TO_32_BIT_CONVERSION = YES;
				GCC_WARN_ABOUT_RETURN_TYPE = YES_ERROR;
				GCC_WARN_UNDECLARED_SELECTOR = YES;
				GCC_WARN_UNINITIALIZED_AUTOS = YES_AGGRESSIVE;
				GCC_WARN_UNUSED_FUNCTION = YES;
				GCC_WARN_UNUSED_VARIABLE = YES;
				MACOSX_DEPLOYMENT_TARGET = 10.11;
				MTL_ENABLE_DEBUG_INFO = YES;
				ONLY_ACTIVE_ARCH = YES;
				SDKROOT = macosx;
			};
			name = Debug;
		};
		0B7143DF1D4074D900170EC7 /* Release */ = {
			isa = XCBuildConfiguration;
			buildSettings = {
				ALWAYS_SEARCH_USER_PATHS = NO;
				CLANG_ANALYZER_NONNULL = YES;
				CLANG_CXX_LANGUAGE_STANDARD = "gnu++0x";
				CLANG_CXX_LIBRARY = "libc++";
				CLANG_ENABLE_MODULES = YES;
				CLANG_ENABLE_OBJC_ARC = YES;
				CLANG_WARN_BOOL_CONVERSION = YES;
				CLANG_WARN_CONSTANT_CONVERSION = YES;
				CLANG_WARN_DIRECT_OBJC_ISA_USAGE = YES_ERROR;
				CLANG_WARN_EMPTY_BODY = YES;
				CLANG_WARN_ENUM_CONVERSION = YES;
				CLANG_WARN_INT_CONVERSION = YES;
				CLANG_WARN_OBJC_ROOT_CLASS = YES_ERROR;
				CLANG_WARN_UNREACHABLE_CODE = YES;
				CLANG_WARN__DUPLICATE_METHOD_MATCH = YES;
				CODE_SIGN_IDENTITY = "-";
				COPY_PHASE_STRIP = NO;
				DEBUG_INFORMATION_FORMAT = "dwarf-with-dsym";
				ENABLE_NS_ASSERTIONS = NO;
				ENABLE_STRICT_OBJC_MSGSEND = YES;
				GCC_C_LANGUAGE_STANDARD = gnu99;
				GCC_NO_COMMON_BLOCKS = YES;
				GCC_WARN_64_TO_32_BIT_CONVERSION = YES;
				GCC_WARN_ABOUT_RETURN_TYPE = YES_ERROR;
				GCC_WARN_UNDECLARED_SELECTOR = YES;
				GCC_WARN_UNINITIALIZED_AUTOS = YES_AGGRESSIVE;
				GCC_WARN_UNUSED_FUNCTION = YES;
				GCC_WARN_UNUSED_VARIABLE = YES;
				MACOSX_DEPLOYMENT_TARGET = 10.11;
				MTL_ENABLE_DEBUG_INFO = NO;
				SDKROOT = macosx;
			};
			name = Release;
		};
		0B7143E11D4074D900170EC7 /* Debug */ = {
			isa = XCBuildConfiguration;
			buildSettings = {
				PRODUCT_NAME = "$(TARGET_NAME)";
			};
			name = Debug;
		};
		0B7143E21D4074D900170EC7 /* Release */ = {
			isa = XCBuildConfiguration;
			buildSettings = {
				PRODUCT_NAME = "$(TARGET_NAME)";
			};
			name = Release;
		};
/* End XCBuildConfiguration section */

/* Begin XCConfigurationList section */
		0B7143D41D4074D900170EC7 /* Build configuration list for PBXProject "Assignment3" */ = {
			isa = XCConfigurationList;
			buildConfigurations = (
				0B7143DE1D4074D900170EC7 /* Debug */,
				0B7143DF1D4074D900170EC7 /* Release */,
			);
			defaultConfigurationIsVisible = 0;
			defaultConfigurationName = Release;
		};
		0B7143E01D4074D900170EC7 /* Build configuration list for PBXNativeTarget "Assignment3" */ = {
			isa = XCConfigurationList;
			buildConfigurations = (
				0B7143E11D4074D900170EC7 /* Debug */,
				0B7143E21D4074D900170EC7 /* Release */,
			);
			defaultConfigurationIsVisible = 0;
			defaultConfigurationName = Release;
		};
/* End XCConfigurationList section */
	};
	rootObject = 0B7143D11D4074D900170EC7 /* Project object */;
}
