// !$*UTF8*$!
{
	archiveVersion = 1;
	classes = {
	};
	objectVersion = 46;
	objects = {

/* Begin PBXBuildFile section */
		0B159F2E1D4D46490016D654 /* LabFaMain.cpp in Sources */ = {isa = PBXBuildFile; fileRef = 0B159F2D1D4D46490016D654 /* LabFaMain.cpp */; };
		0B159F321D4D67940016D654 /* JoaquinsUtilities.cpp in Sources */ = {isa = PBXBuildFile; fileRef = 0B159F2F1D4D67940016D654 /* JoaquinsUtilities.cpp */; };
		0B159F331D4D67940016D654 /* Makefile in Sources */ = {isa = PBXBuildFile; fileRef = 0B159F311D4D67940016D654 /* Makefile */; };
		0B159F361D4E53B50016D654 /* Stack.cpp in Sources */ = {isa = PBXBuildFile; fileRef = 0B159F351D4E53B50016D654 /* Stack.cpp */; };
		0B159F391D4F03070016D654 /* Queue.cpp in Sources */ = {isa = PBXBuildFile; fileRef = 0B159F381D4F03070016D654 /* Queue.cpp */; };
/* End PBXBuildFile section */

/* Begin PBXCopyFilesBuildPhase section */
		0B159F211D4D462C0016D654 /* CopyFiles */ = {
			isa = PBXCopyFilesBuildPhase;
			buildActionMask = 2147483647;
			dstPath = /usr/share/man/man1/;
			dstSubfolderSpec = 0;
			files = (
			);
			runOnlyForDeploymentPostprocessing = 1;
		};
/* End PBXCopyFilesBuildPhase section */

/* Begin PBXFileReference section */
		0B159F231D4D462C0016D654 /* LabFa */ = {isa = PBXFileReference; explicitFileType = "compiled.mach-o.executable"; includeInIndex = 0; path = LabFa; sourceTree = BUILT_PRODUCTS_DIR; };
		0B159F2D1D4D46490016D654 /* LabFaMain.cpp */ = {isa = PBXFileReference; fileEncoding = 4; lastKnownFileType = sourcecode.cpp.cpp; path = LabFaMain.cpp; sourceTree = "<group>"; };
		0B159F2F1D4D67940016D654 /* JoaquinsUtilities.cpp */ = {isa = PBXFileReference; fileEncoding = 4; lastKnownFileType = sourcecode.cpp.cpp; path = JoaquinsUtilities.cpp; sourceTree = "<group>"; };
		0B159F301D4D67940016D654 /* JoaquinsUtilities.hpp */ = {isa = PBXFileReference; fileEncoding = 4; lastKnownFileType = sourcecode.cpp.h; path = JoaquinsUtilities.hpp; sourceTree = "<group>"; };
		0B159F311D4D67940016D654 /* Makefile */ = {isa = PBXFileReference; fileEncoding = 4; lastKnownFileType = sourcecode.make; path = Makefile; sourceTree = "<group>"; };
		0B159F341D4D885B0016D654 /* Stack.hpp */ = {isa = PBXFileReference; lastKnownFileType = sourcecode.cpp.h; path = Stack.hpp; sourceTree = "<group>"; };
		0B159F351D4E53B50016D654 /* Stack.cpp */ = {isa = PBXFileReference; fileEncoding = 4; lastKnownFileType = sourcecode.cpp.cpp; path = Stack.cpp; sourceTree = "<group>"; };
		0B159F371D4F00F20016D654 /* Queue.hpp */ = {isa = PBXFileReference; lastKnownFileType = sourcecode.cpp.h; path = Queue.hpp; sourceTree = "<group>"; };
		0B159F381D4F03070016D654 /* Queue.cpp */ = {isa = PBXFileReference; fileEncoding = 4; lastKnownFileType = sourcecode.cpp.cpp; path = Queue.cpp; sourceTree = "<group>"; };
/* End PBXFileReference section */

/* Begin PBXFrameworksBuildPhase section */
		0B159F201D4D462C0016D654 /* Frameworks */ = {
			isa = PBXFrameworksBuildPhase;
			buildActionMask = 2147483647;
			files = (
			);
			runOnlyForDeploymentPostprocessing = 0;
		};
/* End PBXFrameworksBuildPhase section */

/* Begin PBXGroup section */
		0B159F1A1D4D462C0016D654 = {
			isa = PBXGroup;
			children = (
				0B159F251D4D462C0016D654 /* LabFa */,
				0B159F241D4D462C0016D654 /* Products */,
			);
			sourceTree = "<group>";
		};
		0B159F241D4D462C0016D654 /* Products */ = {
			isa = PBXGroup;
			children = (
				0B159F231D4D462C0016D654 /* LabFa */,
			);
			name = Products;
			sourceTree = "<group>";
		};
		0B159F251D4D462C0016D654 /* LabFa */ = {
			isa = PBXGroup;
			children = (
				0B159F341D4D885B0016D654 /* Stack.hpp */,
				0B159F351D4E53B50016D654 /* Stack.cpp */,
				0B159F371D4F00F20016D654 /* Queue.hpp */,
				0B159F381D4F03070016D654 /* Queue.cpp */,
				0B159F2D1D4D46490016D654 /* LabFaMain.cpp */,
				0B159F301D4D67940016D654 /* JoaquinsUtilities.hpp */,
				0B159F2F1D4D67940016D654 /* JoaquinsUtilities.cpp */,
				0B159F311D4D67940016D654 /* Makefile */,
			);
			path = LabFa;
			sourceTree = "<group>";
		};
/* End PBXGroup section */

/* Begin PBXNativeTarget section */
		0B159F221D4D462C0016D654 /* LabFa */ = {
			isa = PBXNativeTarget;
			buildConfigurationList = 0B159F2A1D4D462C0016D654 /* Build configuration list for PBXNativeTarget "LabFa" */;
			buildPhases = (
				0B159F1F1D4D462C0016D654 /* Sources */,
				0B159F201D4D462C0016D654 /* Frameworks */,
				0B159F211D4D462C0016D654 /* CopyFiles */,
			);
			buildRules = (
			);
			dependencies = (
			);
			name = LabFa;
			productName = LabFa;
			productReference = 0B159F231D4D462C0016D654 /* LabFa */;
			productType = "com.apple.product-type.tool";
		};
/* End PBXNativeTarget section */

/* Begin PBXProject section */
		0B159F1B1D4D462C0016D654 /* Project object */ = {
			isa = PBXProject;
			attributes = {
				LastUpgradeCheck = 0730;
				ORGANIZATIONNAME = JQ;
				TargetAttributes = {
					0B159F221D4D462C0016D654 = {
						CreatedOnToolsVersion = 7.3.1;
					};
				};
			};
			buildConfigurationList = 0B159F1E1D4D462C0016D654 /* Build configuration list for PBXProject "LabFa" */;
			compatibilityVersion = "Xcode 3.2";
			developmentRegion = English;
			hasScannedForEncodings = 0;
			knownRegions = (
				en,
			);
			mainGroup = 0B159F1A1D4D462C0016D654;
			productRefGroup = 0B159F241D4D462C0016D654 /* Products */;
			projectDirPath = "";
			projectRoot = "";
			targets = (
				0B159F221D4D462C0016D654 /* LabFa */,
			);
		};
/* End PBXProject section */

/* Begin PBXSourcesBuildPhase section */
		0B159F1F1D4D462C0016D654 /* Sources */ = {
			isa = PBXSourcesBuildPhase;
			buildActionMask = 2147483647;
			files = (
				0B159F361D4E53B50016D654 /* Stack.cpp in Sources */,
				0B159F331D4D67940016D654 /* Makefile in Sources */,
				0B159F321D4D67940016D654 /* JoaquinsUtilities.cpp in Sources */,
				0B159F391D4F03070016D654 /* Queue.cpp in Sources */,
				0B159F2E1D4D46490016D654 /* LabFaMain.cpp in Sources */,
			);
			runOnlyForDeploymentPostprocessing = 0;
		};
/* End PBXSourcesBuildPhase section */

/* Begin XCBuildConfiguration section */
		0B159F281D4D462C0016D654 /* Debug */ = {
			isa = XCBuildConfiguration;
			buildSettings = {
				ALWAYS_SEARCH_USER_PATHS = NO;
				CLANG_ANALYZER_NONNULL = YES;
				CLANG_CXX_LANGUAGE_STANDARD = "gnu++0x";
				CLANG_CXX_LIBRARY = "libc++";
				CLANG_ENABLE_MODULES = YES;
				CLANG_ENABLE_OBJC_ARC = YES;
				CLANG_WARN_BOOL_CONVERSION = YES;
				CLANG_WARN_CONSTANT_CONVERSION = YES;
				CLANG_WARN_DIRECT_OBJC_ISA_USAGE = YES_ERROR;
				CLANG_WARN_EMPTY_BODY = YES;
				CLANG_WARN_ENUM_CONVERSION = YES;
				CLANG_WARN_INT_CONVERSION = YES;
				CLANG_WARN_OBJC_ROOT_CLASS = YES_ERROR;
				CLANG_WARN_UNREACHABLE_CODE = YES;
				CLANG_WARN__DUPLICATE_METHOD_MATCH = YES;
				CODE_SIGN_IDENTITY = "-";
				COPY_PHASE_STRIP = NO;
				DEBUG_INFORMATION_FORMAT = dwarf;
				ENABLE_STRICT_OBJC_MSGSEND = YES;
				ENABLE_TESTABILITY = YES;
				GCC_C_LANGUAGE_STANDARD = gnu99;
				GCC_DYNAMIC_NO_PIC = NO;
				GCC_NO_COMMON_BLOCKS = YES;
				GCC_OPTIMIZATION_LEVEL = 0;
				GCC_PREPROCESSOR_DEFINITIONS = (
					"DEBUG=1",
					"$(inherited)",
				);
				GCC_WARN_64_TO_32_BIT_CONVERSION = YES;
				GCC_WARN_ABOUT_RETURN_TYPE = YES_ERROR;
				GCC_WARN_UNDECLARED_SELECTOR = YES;
				GCC_WARN_UNINITIALIZED_AUTOS = YES_AGGRESSIVE;
				GCC_WARN_UNUSED_FUNCTION = YES;
				GCC_WARN_UNUSED_VARIABLE = YES;
				MACOSX_DEPLOYMENT_TARGET = 10.11;
				MTL_ENABLE_DEBUG_INFO = YES;
				ONLY_ACTIVE_ARCH = YES;
				SDKROOT = macosx;
			};
			name = Debug;
		};
		0B159F291D4D462C0016D654 /* Release */ = {
			isa = XCBuildConfiguration;
			buildSettings = {
				ALWAYS_SEARCH_USER_PATHS = NO;
				CLANG_ANALYZER_NONNULL = YES;
				CLANG_CXX_LANGUAGE_STANDARD = "gnu++0x";
				CLANG_CXX_LIBRARY = "libc++";
				CLANG_ENABLE_MODULES = YES;
				CLANG_ENABLE_OBJC_ARC = YES;
				CLANG_WARN_BOOL_CONVERSION = YES;
				CLANG_WARN_CONSTANT_CONVERSION = YES;
				CLANG_WARN_DIRECT_OBJC_ISA_USAGE = YES_ERROR;
				CLANG_WARN_EMPTY_BODY = YES;
				CLANG_WARN_ENUM_CONVERSION = YES;
				CLANG_WARN_INT_CONVERSION = YES;
				CLANG_WARN_OBJC_ROOT_CLASS = YES_ERROR;
				CLANG_WARN_UNREACHABLE_CODE = YES;
				CLANG_WARN__DUPLICATE_METHOD_MATCH = YES;
				CODE_SIGN_IDENTITY = "-";
				COPY_PHASE_STRIP = NO;
				DEBUG_INFORMATION_FORMAT = "dwarf-with-dsym";
				ENABLE_NS_ASSERTIONS = NO;
				ENABLE_STRICT_OBJC_MSGSEND = YES;
				GCC_C_LANGUAGE_STANDARD = gnu99;
				GCC_NO_COMMON_BLOCKS = YES;
				GCC_WARN_64_TO_32_BIT_CONVERSION = YES;
				GCC_WARN_ABOUT_RETURN_TYPE = YES_ERROR;
				GCC_WARN_UNDECLARED_SELECTOR = YES;
				GCC_WARN_UNINITIALIZED_AUTOS = YES_AGGRESSIVE;
				GCC_WARN_UNUSED_FUNCTION = YES;
				GCC_WARN_UNUSED_VARIABLE = YES;
				MACOSX_DEPLOYMENT_TARGET = 10.11;
				MTL_ENABLE_DEBUG_INFO = NO;
				SDKROOT = macosx;
			};
			name = Release;
		};
		0B159F2B1D4D462C0016D654 /* Debug */ = {
			isa = XCBuildConfiguration;
			buildSettings = {
				PRODUCT_NAME = "$(TARGET_NAME)";
			};
			name = Debug;
		};
		0B159F2C1D4D462C0016D654 /* Release */ = {
			isa = XCBuildConfiguration;
			buildSettings = {
				PRODUCT_NAME = "$(TARGET_NAME)";
			};
			name = Release;
		};
/* End XCBuildConfiguration section */

/* Begin XCConfigurationList section */
		0B159F1E1D4D462C0016D654 /* Build configuration list for PBXProject "LabFa" */ = {
			isa = XCConfigurationList;
			buildConfigurations = (
				0B159F281D4D462C0016D654 /* Debug */,
				0B159F291D4D462C0016D654 /* Release */,
			);
			defaultConfigurationIsVisible = 0;
			defaultConfigurationName = Release;
		};
		0B159F2A1D4D462C0016D654 /* Build configuration list for PBXNativeTarget "LabFa" */ = {
			isa = XCConfigurationList;
			buildConfigurations = (
				0B159F2B1D4D462C0016D654 /* Debug */,
				0B159F2C1D4D462C0016D654 /* Release */,
			);
			defaultConfigurationIsVisible = 0;
		};
/* End XCConfigurationList section */
	};
	rootObject = 0B159F1B1D4D462C0016D654 /* Project object */;
}
